
Microsoft Visual Studio Solution File, Format Version 12.00
# Visual Studio Version 17
VisualStudioVersion = 17.0.31903.59
MinimumVisualStudioVersion = 10.0.40219.1
Project("{2150E333-8FDC-42A3-9474-1A3956D46DE8}") = "homemanagement-shared", "homemanagement-shared", "{61B0695C-990A-9E95-049D-52C2ED3A5294}"
EndProject
Project("{2150E333-8FDC-42A3-9474-1A3956D46DE8}") = "src", "src", "{DB42AA1E-DE25-7CE5-ABB0-C089F5793931}"
EndProject
Project("{FAE04EC0-301F-11D3-BF4B-00C04F79EFBC}") = "Famick.HomeManagement.Domain", "homemanagement-shared\src\Famick.HomeManagement.Domain\Famick.HomeManagement.Domain.csproj", "{AEE6664E-7545-48B0-B2AF-2E2FD14BB746}"
EndProject
Project("{FAE04EC0-301F-11D3-BF4B-00C04F79EFBC}") = "Famick.HomeManagement.Shared", "homemanagement-shared\src\Famick.HomeManagement.Shared\Famick.HomeManagement.Shared.csproj", "{5F678798-CAB1-4B72-A6EA-C52FE4F3A0C8}"
EndProject
Project("{FAE04EC0-301F-11D3-BF4B-00C04F79EFBC}") = "Famick.HomeManagement.Core", "homemanagement-shared\src\Famick.HomeManagement.Core\Famick.HomeManagement.Core.csproj", "{09A2806A-DD17-40DA-BAF6-32274AD810F1}"
EndProject
Project("{FAE04EC0-301F-11D3-BF4B-00C04F79EFBC}") = "Famick.HomeManagement.Infrastructure", "homemanagement-shared\src\Famick.HomeManagement.Infrastructure\Famick.HomeManagement.Infrastructure.csproj", "{8E52A727-3ABB-4CDF-9C76-139F17F79D79}"
EndProject
Project("{FAE04EC0-301F-11D3-BF4B-00C04F79EFBC}") = "Famick.HomeManagement.UI", "homemanagement-shared\src\Famick.HomeManagement.UI\Famick.HomeManagement.UI.csproj", "{A4E5909B-BA48-4656-A140-2C008159C58B}"
EndProject
Project("{2150E333-8FDC-42A3-9474-1A3956D46DE8}") = "tests", "tests", "{2AD07BC1-C6E6-D8C7-905F-3ED301173866}"
EndProject
Project("{FAE04EC0-301F-11D3-BF4B-00C04F79EFBC}") = "Famick.HomeManagement.Shared.Tests.Unit", "homemanagement-shared\tests\Famick.HomeManagement.Shared.Tests.Unit\Famick.HomeManagement.Shared.Tests.Unit.csproj", "{5B0073EE-D3B6-4F39-BF81-6EC72DF7CB4F}"
EndProject
Project("{FAE04EC0-301F-11D3-BF4B-00C04F79EFBC}") = "Famick.HomeManagement.Shared.Tests.Integration", "homemanagement-shared\tests\Famick.HomeManagement.Shared.Tests.Integration\Famick.HomeManagement.Shared.Tests.Integration.csproj", "{31803856-05E6-455B-AC3C-45362B23230E}"
EndProject
Project("{2150E333-8FDC-42A3-9474-1A3956D46DE8}") = "homemanagement", "homemanagement", "{D1095250-01CA-2770-F0E6-145EDA4B3DDB}"
EndProject
Project("{2150E333-8FDC-42A3-9474-1A3956D46DE8}") = "src", "src", "{DBA7493C-E2B6-B954-57D9-6BF744F96A79}"
EndProject
Project("{FAE04EC0-301F-11D3-BF4B-00C04F79EFBC}") = "Famick.HomeManagement.Web", "homemanagement\src\Famick.HomeManagement.Web\Famick.HomeManagement.Web.csproj", "{4CD4C9DA-17DB-4634-8768-828B5A92E2D6}"
EndProject
Project("{FAE04EC0-301F-11D3-BF4B-00C04F79EFBC}") = "Famick.HomeManagement.Web.Client", "homemanagement\src\Famick.HomeManagement.Web.Client\Famick.HomeManagement.Web.Client.csproj", "{4A3FE42D-CD10-4F0A-8531-550B8F6ACA93}"
EndProject
Project("{FAE04EC0-301F-11D3-BF4B-00C04F79EFBC}") = "Famick.HomeManagement.Mobile", "homemanagement\src\Famick.HomeManagement.Mobile\Famick.HomeManagement.Mobile.csproj", "{71BCBEA8-9AB5-4684-9D45-9B708CC9864B}"
EndProject
Project("{2150E333-8FDC-42A3-9474-1A3956D46DE8}") = "tests", "tests", "{FDC00D72-74C0-CB2A-07F4-73D929D21367}"
EndProject
Project("{FAE04EC0-301F-11D3-BF4B-00C04F79EFBC}") = "Famick.HomeManagement.Tests.Unit", "homemanagement\tests\Famick.HomeManagement.Tests.Unit\Famick.HomeManagement.Tests.Unit.csproj", "{8C3CD29A-B64C-46D9-875C-36AA6D5D3C85}"
EndProject
Project("{FAE04EC0-301F-11D3-BF4B-00C04F79EFBC}") = "Famick.HomeManagement.Tests.Integration", "homemanagement\tests\Famick.HomeManagement.Tests.Integration\Famick.HomeManagement.Tests.Integration.csproj", "{03C09AA3-E837-409A-958B-0AB1F1DCA545}"
EndProject
Global
	GlobalSection(SolutionConfigurationPlatforms) = preSolution
		Debug|Any CPU = Debug|Any CPU
		Debug|x64 = Debug|x64
		Debug|x86 = Debug|x86
		Release|Any CPU = Release|Any CPU
		Release|x64 = Release|x64
		Release|x86 = Release|x86
	EndGlobalSection
	GlobalSection(ProjectConfigurationPlatforms) = postSolution
		{AEE6664E-7545-48B0-B2AF-2E2FD14BB746}.Debug|Any CPU.ActiveCfg = Debug|Any CPU
		{AEE6664E-7545-48B0-B2AF-2E2FD14BB746}.Debug|Any CPU.Build.0 = Debug|Any CPU
		{AEE6664E-7545-48B0-B2AF-2E2FD14BB746}.Debug|x64.ActiveCfg = Debug|Any CPU
		{AEE6664E-7545-48B0-B2AF-2E2FD14BB746}.Debug|x64.Build.0 = Debug|Any CPU
		{AEE6664E-7545-48B0-B2AF-2E2FD14BB746}.Debug|x86.ActiveCfg = Debug|Any CPU
		{AEE6664E-7545-48B0-B2AF-2E2FD14BB746}.Debug|x86.Build.0 = Debug|Any CPU
		{AEE6664E-7545-48B0-B2AF-2E2FD14BB746}.Release|Any CPU.ActiveCfg = Release|Any CPU
		{AEE6664E-7545-48B0-B2AF-2E2FD14BB746}.Release|Any CPU.Build.0 = Release|Any CPU
		{AEE6664E-7545-48B0-B2AF-2E2FD14BB746}.Release|x64.ActiveCfg = Release|Any CPU
		{AEE6664E-7545-48B0-B2AF-2E2FD14BB746}.Release|x64.Build.0 = Release|Any CPU
		{AEE6664E-7545-48B0-B2AF-2E2FD14BB746}.Release|x86.ActiveCfg = Release|Any CPU
		{AEE6664E-7545-48B0-B2AF-2E2FD14BB746}.Release|x86.Build.0 = Release|Any CPU
		{5F678798-CAB1-4B72-A6EA-C52FE4F3A0C8}.Debug|Any CPU.ActiveCfg = Debug|Any CPU
		{5F678798-CAB1-4B72-A6EA-C52FE4F3A0C8}.Debug|Any CPU.Build.0 = Debug|Any CPU
		{5F678798-CAB1-4B72-A6EA-C52FE4F3A0C8}.Debug|x64.ActiveCfg = Debug|Any CPU
		{5F678798-CAB1-4B72-A6EA-C52FE4F3A0C8}.Debug|x64.Build.0 = Debug|Any CPU
		{5F678798-CAB1-4B72-A6EA-C52FE4F3A0C8}.Debug|x86.ActiveCfg = Debug|Any CPU
		{5F678798-CAB1-4B72-A6EA-C52FE4F3A0C8}.Debug|x86.Build.0 = Debug|Any CPU
		{5F678798-CAB1-4B72-A6EA-C52FE4F3A0C8}.Release|Any CPU.ActiveCfg = Release|Any CPU
		{5F678798-CAB1-4B72-A6EA-C52FE4F3A0C8}.Release|Any CPU.Build.0 = Release|Any CPU
		{5F678798-CAB1-4B72-A6EA-C52FE4F3A0C8}.Release|x64.ActiveCfg = Release|Any CPU
		{5F678798-CAB1-4B72-A6EA-C52FE4F3A0C8}.Release|x64.Build.0 = Release|Any CPU
		{5F678798-CAB1-4B72-A6EA-C52FE4F3A0C8}.Release|x86.ActiveCfg = Release|Any CPU
		{5F678798-CAB1-4B72-A6EA-C52FE4F3A0C8}.Release|x86.Build.0 = Release|Any CPU
		{09A2806A-DD17-40DA-BAF6-32274AD810F1}.Debug|Any CPU.ActiveCfg = Debug|Any CPU
		{09A2806A-DD17-40DA-BAF6-32274AD810F1}.Debug|Any CPU.Build.0 = Debug|Any CPU
		{09A2806A-DD17-40DA-BAF6-32274AD810F1}.Debug|x64.ActiveCfg = Debug|Any CPU
		{09A2806A-DD17-40DA-BAF6-32274AD810F1}.Debug|x64.Build.0 = Debug|Any CPU
		{09A2806A-DD17-40DA-BAF6-32274AD810F1}.Debug|x86.ActiveCfg = Debug|Any CPU
		{09A2806A-DD17-40DA-BAF6-32274AD810F1}.Debug|x86.Build.0 = Debug|Any CPU
		{09A2806A-DD17-40DA-BAF6-32274AD810F1}.Release|Any CPU.ActiveCfg = Release|Any CPU
		{09A2806A-DD17-40DA-BAF6-32274AD810F1}.Release|Any CPU.Build.0 = Release|Any CPU
		{09A2806A-DD17-40DA-BAF6-32274AD810F1}.Release|x64.ActiveCfg = Release|Any CPU
		{09A2806A-DD17-40DA-BAF6-32274AD810F1}.Release|x64.Build.0 = Release|Any CPU
		{09A2806A-DD17-40DA-BAF6-32274AD810F1}.Release|x86.ActiveCfg = Release|Any CPU
		{09A2806A-DD17-40DA-BAF6-32274AD810F1}.Release|x86.Build.0 = Release|Any CPU
		{8E52A727-3ABB-4CDF-9C76-139F17F79D79}.Debug|Any CPU.ActiveCfg = Debug|Any CPU
		{8E52A727-3ABB-4CDF-9C76-139F17F79D79}.Debug|Any CPU.Build.0 = Debug|Any CPU
		{8E52A727-3ABB-4CDF-9C76-139F17F79D79}.Debug|x64.ActiveCfg = Debug|Any CPU
		{8E52A727-3ABB-4CDF-9C76-139F17F79D79}.Debug|x64.Build.0 = Debug|Any CPU
		{8E52A727-3ABB-4CDF-9C76-139F17F79D79}.Debug|x86.ActiveCfg = Debug|Any CPU
		{8E52A727-3ABB-4CDF-9C76-139F17F79D79}.Debug|x86.Build.0 = Debug|Any CPU
		{8E52A727-3ABB-4CDF-9C76-139F17F79D79}.Release|Any CPU.ActiveCfg = Release|Any CPU
		{8E52A727-3ABB-4CDF-9C76-139F17F79D79}.Release|Any CPU.Build.0 = Release|Any CPU
		{8E52A727-3ABB-4CDF-9C76-139F17F79D79}.Release|x64.ActiveCfg = Release|Any CPU
		{8E52A727-3ABB-4CDF-9C76-139F17F79D79}.Release|x64.Build.0 = Release|Any CPU
		{8E52A727-3ABB-4CDF-9C76-139F17F79D79}.Release|x86.ActiveCfg = Release|Any CPU
		{8E52A727-3ABB-4CDF-9C76-139F17F79D79}.Release|x86.Build.0 = Release|Any CPU
		{A4E5909B-BA48-4656-A140-2C008159C58B}.Debug|Any CPU.ActiveCfg = Debug|Any CPU
		{A4E5909B-BA48-4656-A140-2C008159C58B}.Debug|Any CPU.Build.0 = Debug|Any CPU
		{A4E5909B-BA48-4656-A140-2C008159C58B}.Debug|x64.ActiveCfg = Debug|Any CPU
		{A4E5909B-BA48-4656-A140-2C008159C58B}.Debug|x64.Build.0 = Debug|Any CPU
		{A4E5909B-BA48-4656-A140-2C008159C58B}.Debug|x86.ActiveCfg = Debug|Any CPU
		{A4E5909B-BA48-4656-A140-2C008159C58B}.Debug|x86.Build.0 = Debug|Any CPU
		{A4E5909B-BA48-4656-A140-2C008159C58B}.Release|Any CPU.ActiveCfg = Release|Any CPU
		{A4E5909B-BA48-4656-A140-2C008159C58B}.Release|Any CPU.Build.0 = Release|Any CPU
		{A4E5909B-BA48-4656-A140-2C008159C58B}.Release|x64.ActiveCfg = Release|Any CPU
		{A4E5909B-BA48-4656-A140-2C008159C58B}.Release|x64.Build.0 = Release|Any CPU
		{A4E5909B-BA48-4656-A140-2C008159C58B}.Release|x86.ActiveCfg = Release|Any CPU
		{A4E5909B-BA48-4656-A140-2C008159C58B}.Release|x86.Build.0 = Release|Any CPU
		{5B0073EE-D3B6-4F39-BF81-6EC72DF7CB4F}.Debug|Any CPU.ActiveCfg = Debug|Any CPU
		{5B0073EE-D3B6-4F39-BF81-6EC72DF7CB4F}.Debug|Any CPU.Build.0 = Debug|Any CPU
		{5B0073EE-D3B6-4F39-BF81-6EC72DF7CB4F}.Debug|x64.ActiveCfg = Debug|Any CPU
		{5B0073EE-D3B6-4F39-BF81-6EC72DF7CB4F}.Debug|x64.Build.0 = Debug|Any CPU
		{5B0073EE-D3B6-4F39-BF81-6EC72DF7CB4F}.Debug|x86.ActiveCfg = Debug|Any CPU
		{5B0073EE-D3B6-4F39-BF81-6EC72DF7CB4F}.Debug|x86.Build.0 = Debug|Any CPU
		{5B0073EE-D3B6-4F39-BF81-6EC72DF7CB4F}.Release|Any CPU.ActiveCfg = Release|Any CPU
		{5B0073EE-D3B6-4F39-BF81-6EC72DF7CB4F}.Release|Any CPU.Build.0 = Release|Any CPU
		{5B0073EE-D3B6-4F39-BF81-6EC72DF7CB4F}.Release|x64.ActiveCfg = Release|Any CPU
		{5B0073EE-D3B6-4F39-BF81-6EC72DF7CB4F}.Release|x64.Build.0 = Release|Any CPU
		{5B0073EE-D3B6-4F39-BF81-6EC72DF7CB4F}.Release|x86.ActiveCfg = Release|Any CPU
		{5B0073EE-D3B6-4F39-BF81-6EC72DF7CB4F}.Release|x86.Build.0 = Release|Any CPU
		{31803856-05E6-455B-AC3C-45362B23230E}.Debug|Any CPU.ActiveCfg = Debug|Any CPU
		{31803856-05E6-455B-AC3C-45362B23230E}.Debug|Any CPU.Build.0 = Debug|Any CPU
		{31803856-05E6-455B-AC3C-45362B23230E}.Debug|x64.ActiveCfg = Debug|Any CPU
		{31803856-05E6-455B-AC3C-45362B23230E}.Debug|x64.Build.0 = Debug|Any CPU
		{31803856-05E6-455B-AC3C-45362B23230E}.Debug|x86.ActiveCfg = Debug|Any CPU
		{31803856-05E6-455B-AC3C-45362B23230E}.Debug|x86.Build.0 = Debug|Any CPU
		{31803856-05E6-455B-AC3C-45362B23230E}.Release|Any CPU.ActiveCfg = Release|Any CPU
		{31803856-05E6-455B-AC3C-45362B23230E}.Release|Any CPU.Build.0 = Release|Any CPU
		{31803856-05E6-455B-AC3C-45362B23230E}.Release|x64.ActiveCfg = Release|Any CPU
		{31803856-05E6-455B-AC3C-45362B23230E}.Release|x64.Build.0 = Release|Any CPU
		{31803856-05E6-455B-AC3C-45362B23230E}.Release|x86.ActiveCfg = Release|Any CPU
		{31803856-05E6-455B-AC3C-45362B23230E}.Release|x86.Build.0 = Release|Any CPU
		{4CD4C9DA-17DB-4634-8768-828B5A92E2D6}.Debug|Any CPU.ActiveCfg = Debug|Any CPU
		{4CD4C9DA-17DB-4634-8768-828B5A92E2D6}.Debug|Any CPU.Build.0 = Debug|Any CPU
		{4CD4C9DA-17DB-4634-8768-828B5A92E2D6}.Debug|x64.ActiveCfg = Debug|Any CPU
		{4CD4C9DA-17DB-4634-8768-828B5A92E2D6}.Debug|x64.Build.0 = Debug|Any CPU
		{4CD4C9DA-17DB-4634-8768-828B5A92E2D6}.Debug|x86.ActiveCfg = Debug|Any CPU
		{4CD4C9DA-17DB-4634-8768-828B5A92E2D6}.Debug|x86.Build.0 = Debug|Any CPU
		{4CD4C9DA-17DB-4634-8768-828B5A92E2D6}.Release|Any CPU.ActiveCfg = Release|Any CPU
		{4CD4C9DA-17DB-4634-8768-828B5A92E2D6}.Release|Any CPU.Build.0 = Release|Any CPU
		{4CD4C9DA-17DB-4634-8768-828B5A92E2D6}.Release|x64.ActiveCfg = Release|Any CPU
		{4CD4C9DA-17DB-4634-8768-828B5A92E2D6}.Release|x64.Build.0 = Release|Any CPU
		{4CD4C9DA-17DB-4634-8768-828B5A92E2D6}.Release|x86.ActiveCfg = Release|Any CPU
		{4CD4C9DA-17DB-4634-8768-828B5A92E2D6}.Release|x86.Build.0 = Release|Any CPU
		{4A3FE42D-CD10-4F0A-8531-550B8F6ACA93}.Debug|Any CPU.ActiveCfg = Debug|Any CPU
		{4A3FE42D-CD10-4F0A-8531-550B8F6ACA93}.Debug|Any CPU.Build.0 = Debug|Any CPU
		{4A3FE42D-CD10-4F0A-8531-550B8F6ACA93}.Debug|x64.ActiveCfg = Debug|Any CPU
		{4A3FE42D-CD10-4F0A-8531-550B8F6ACA93}.Debug|x64.Build.0 = Debug|Any CPU
		{4A3FE42D-CD10-4F0A-8531-550B8F6ACA93}.Debug|x86.ActiveCfg = Debug|Any CPU
		{4A3FE42D-CD10-4F0A-8531-550B8F6ACA93}.Debug|x86.Build.0 = Debug|Any CPU
		{4A3FE42D-CD10-4F0A-8531-550B8F6ACA93}.Release|Any CPU.ActiveCfg = Release|Any CPU
		{4A3FE42D-CD10-4F0A-8531-550B8F6ACA93}.Release|Any CPU.Build.0 = Release|Any CPU
		{4A3FE42D-CD10-4F0A-8531-550B8F6ACA93}.Release|x64.ActiveCfg = Release|Any CPU
		{4A3FE42D-CD10-4F0A-8531-550B8F6ACA93}.Release|x64.Build.0 = Release|Any CPU
		{4A3FE42D-CD10-4F0A-8531-550B8F6ACA93}.Release|x86.ActiveCfg = Release|Any CPU
		{4A3FE42D-CD10-4F0A-8531-550B8F6ACA93}.Release|x86.Build.0 = Release|Any CPU
		{71BCBEA8-9AB5-4684-9D45-9B708CC9864B}.Debug|Any CPU.ActiveCfg = Debug|Any CPU
		{71BCBEA8-9AB5-4684-9D45-9B708CC9864B}.Debug|Any CPU.Build.0 = Debug|Any CPU
		{71BCBEA8-9AB5-4684-9D45-9B708CC9864B}.Debug|x64.ActiveCfg = Debug|Any CPU
		{71BCBEA8-9AB5-4684-9D45-9B708CC9864B}.Debug|x64.Build.0 = Debug|Any CPU
		{71BCBEA8-9AB5-4684-9D45-9B708CC9864B}.Debug|x86.ActiveCfg = Debug|Any CPU
		{71BCBEA8-9AB5-4684-9D45-9B708CC9864B}.Debug|x86.Build.0 = Debug|Any CPU
		{71BCBEA8-9AB5-4684-9D45-9B708CC9864B}.Release|Any CPU.ActiveCfg = Release|Any CPU
		{71BCBEA8-9AB5-4684-9D45-9B708CC9864B}.Release|Any CPU.Build.0 = Release|Any CPU
		{71BCBEA8-9AB5-4684-9D45-9B708CC9864B}.Release|x64.ActiveCfg = Release|Any CPU
		{71BCBEA8-9AB5-4684-9D45-9B708CC9864B}.Release|x64.Build.0 = Release|Any CPU
		{71BCBEA8-9AB5-4684-9D45-9B708CC9864B}.Release|x86.ActiveCfg = Release|Any CPU
		{71BCBEA8-9AB5-4684-9D45-9B708CC9864B}.Release|x86.Build.0 = Release|Any CPU
		{8C3CD29A-B64C-46D9-875C-36AA6D5D3C85}.Debug|Any CPU.ActiveCfg = Debug|Any CPU
		{8C3CD29A-B64C-46D9-875C-36AA6D5D3C85}.Debug|Any CPU.Build.0 = Debug|Any CPU
		{8C3CD29A-B64C-46D9-875C-36AA6D5D3C85}.Debug|x64.ActiveCfg = Debug|Any CPU
		{8C3CD29A-B64C-46D9-875C-36AA6D5D3C85}.Debug|x64.Build.0 = Debug|Any CPU
		{8C3CD29A-B64C-46D9-875C-36AA6D5D3C85}.Debug|x86.ActiveCfg = Debug|Any CPU
		{8C3CD29A-B64C-46D9-875C-36AA6D5D3C85}.Debug|x86.Build.0 = Debug|Any CPU
		{8C3CD29A-B64C-46D9-875C-36AA6D5D3C85}.Release|Any CPU.ActiveCfg = Release|Any CPU
		{8C3CD29A-B64C-46D9-875C-36AA6D5D3C85}.Release|Any CPU.Build.0 = Release|Any CPU
		{8C3CD29A-B64C-46D9-875C-36AA6D5D3C85}.Release|x64.ActiveCfg = Release|Any CPU
		{8C3CD29A-B64C-46D9-875C-36AA6D5D3C85}.Release|x64.Build.0 = Release|Any CPU
		{8C3CD29A-B64C-46D9-875C-36AA6D5D3C85}.Release|x86.ActiveCfg = Release|Any CPU
		{8C3CD29A-B64C-46D9-875C-36AA6D5D3C85}.Release|x86.Build.0 = Release|Any CPU
		{03C09AA3-E837-409A-958B-0AB1F1DCA545}.Debug|Any CPU.ActiveCfg = Debug|Any CPU
		{03C09AA3-E837-409A-958B-0AB1F1DCA545}.Debug|Any CPU.Build.0 = Debug|Any CPU
		{03C09AA3-E837-409A-958B-0AB1F1DCA545}.Debug|x64.ActiveCfg = Debug|Any CPU
		{03C09AA3-E837-409A-958B-0AB1F1DCA545}.Debug|x64.Build.0 = Debug|Any CPU
		{03C09AA3-E837-409A-958B-0AB1F1DCA545}.Debug|x86.ActiveCfg = Debug|Any CPU
		{03C09AA3-E837-409A-958B-0AB1F1DCA545}.Debug|x86.Build.0 = Debug|Any CPU
		{03C09AA3-E837-409A-958B-0AB1F1DCA545}.Release|Any CPU.ActiveCfg = Release|Any CPU
		{03C09AA3-E837-409A-958B-0AB1F1DCA545}.Release|Any CPU.Build.0 = Release|Any CPU
		{03C09AA3-E837-409A-958B-0AB1F1DCA545}.Release|x64.ActiveCfg = Release|Any CPU
		{03C09AA3-E837-409A-958B-0AB1F1DCA545}.Release|x64.Build.0 = Release|Any CPU
		{03C09AA3-E837-409A-958B-0AB1F1DCA545}.Release|x86.ActiveCfg = Release|Any CPU
		{03C09AA3-E837-409A-958B-0AB1F1DCA545}.Release|x86.Build.0 = Release|Any CPU
	EndGlobalSection
	GlobalSection(SolutionProperties) = preSolution
		HideSolutionNode = FALSE
	EndGlobalSection
	GlobalSection(NestedProjects) = preSolution
		{DB42AA1E-DE25-7CE5-ABB0-C089F5793931} = {61B0695C-990A-9E95-049D-52C2ED3A5294}
		{AEE6664E-7545-48B0-B2AF-2E2FD14BB746} = {DB42AA1E-DE25-7CE5-ABB0-C089F5793931}
		{5F678798-CAB1-4B72-A6EA-C52FE4F3A0C8} = {DB42AA1E-DE25-7CE5-ABB0-C089F5793931}
		{09A2806A-DD17-40DA-BAF6-32274AD810F1} = {DB42AA1E-DE25-7CE5-ABB0-C089F5793931}
		{8E52A727-3ABB-4CDF-9C76-139F17F79D79} = {DB42AA1E-DE25-7CE5-ABB0-C089F5793931}
		{A4E5909B-BA48-4656-A140-2C008159C58B} = {DB42AA1E-DE25-7CE5-ABB0-C089F5793931}
		{2AD07BC1-C6E6-D8C7-905F-3ED301173866} = {61B0695C-990A-9E95-049D-52C2ED3A5294}
		{5B0073EE-D3B6-4F39-BF81-6EC72DF7CB4F} = {2AD07BC1-C6E6-D8C7-905F-3ED301173866}
		{31803856-05E6-455B-AC3C-45362B23230E} = {2AD07BC1-C6E6-D8C7-905F-3ED301173866}
		{DBA7493C-E2B6-B954-57D9-6BF744F96A79} = {D1095250-01CA-2770-F0E6-145EDA4B3DDB}
		{4CD4C9DA-17DB-4634-8768-828B5A92E2D6} = {DBA7493C-E2B6-B954-57D9-6BF744F96A79}
		{4A3FE42D-CD10-4F0A-8531-550B8F6ACA93} = {DBA7493C-E2B6-B954-57D9-6BF744F96A79}
		{71BCBEA8-9AB5-4684-9D45-9B708CC9864B} = {DBA7493C-E2B6-B954-57D9-6BF744F96A79}
		{FDC00D72-74C0-CB2A-07F4-73D929D21367} = {D1095250-01CA-2770-F0E6-145EDA4B3DDB}
		{8C3CD29A-B64C-46D9-875C-36AA6D5D3C85} = {FDC00D72-74C0-CB2A-07F4-73D929D21367}
		{03C09AA3-E837-409A-958B-0AB1F1DCA545} = {FDC00D72-74C0-CB2A-07F4-73D929D21367}
	EndGlobalSection
EndGlobal
